
Microsoft Visual Studio Solution File, Format Version 12.00
# Visual Studio Version 17
VisualStudioVersion = 17.11.35219.272
MinimumVisualStudioVersion = 10.0.40219.1
Project("{FAE04EC0-301F-11D3-BF4B-00C04F79EFBC}") = "Arv", "Arv.csproj", "{E883451D-68A8-4A4C-8BA5-FF14730D2E21}"
EndProject
Global
	GlobalSection(SolutionConfigurationPlatforms) = preSolution
		Debug|Any CPU = Debug|Any CPU
		Release|Any CPU = Release|Any CPU
	EndGlobalSection
	GlobalSection(ProjectConfigurationPlatforms) = postSolution
		{E883451D-68A8-4A4C-8BA5-FF14730D2E21}.Debug|Any CPU.ActiveCfg = Debug|Any CPU
		{E883451D-68A8-4A4C-8BA5-FF14730D2E21}.Debug|Any CPU.Build.0 = Debug|Any CPU
		{E883451D-68A8-4A4C-8BA5-FF14730D2E21}.Release|Any CPU.ActiveCfg = Release|Any CPU
		{E883451D-68A8-4A4C-8BA5-FF14730D2E21}.Release|Any CPU.Build.0 = Release|Any CPU
	EndGlobalSection
	GlobalSection(SolutionProperties) = preSolution
		HideSolutionNode = FALSE
	EndGlobalSection
	GlobalSection(ExtensibilityGlobals) = postSolution
		SolutionGuid = {B75E8E1E-574E-41FC-8B23-D3979B3923A1}
	EndGlobalSection
EndGlobal
